dependencies:
- name: kube-state-metrics
  repository: https://charts.helm.sh/stable
  version: 2.9.4
- name: prometheus-node-exporter
  repository: https://prometheus-community.github.io/helm-charts
  version: 1.12.0
- name: grafana
  repository: https://grafana.github.io/helm-charts
  version: 6.1.16
digest: sha256:b1c180648022355eacc2b5dc41c8751bbba98141f07bde49b76ce49116236882
generated: "2021-01-06T09:07:25.673124-07:00"
