dependencies:
- name: common
  repository: https://fluidshare.github.io/helm-charts
  version: 1.1.0
- name: postgresql
  repository: https://charts.bitnami.com/bitnami
  version: 10.4.9
- name: redis
  repository: https://charts.bitnami.com/bitnami
  version: 14.4.0
digest: sha256:baeee53529546b6d9cbf9aee5e9d8473d5979d1c17681cfecf0186bca38fafb4
generated: "2021-06-11T10:40:46.43193-06:00"
