dependencies:
- name: common
  repository: https://fluidshare.github.io/helm-charts
  version: 1.1.0
- name: postgresql
  repository: https://charts.bitnami.com/bitnami
  version: 10.3.13
- name: redis
  repository: https://charts.bitnami.com/bitnami
  version: 12.7.3
digest: sha256:e2edaee86fbe79bc52924c7fe2da491112127442cc8ad67d9eec0951dfe32334
generated: "2021-03-29T10:34:30.939506-06:00"
